{
  "name": "connexionapp",
  "version": "1.0.0",
  "lockfileVersion": 1,
  "requires": true,
  "dependencies": {
    "animation-timeline-js": {
      "version": "2.1.7",
      "resolved": "https://registry.npmjs.org/animation-timeline-js/-/animation-timeline-js-2.1.7.tgz",
      "integrity": "sha512-JPvSzWNDl+lngvrs2AJDWBgqgNWw0pgCbJvrcOr8ONWfT0j6qPPK49lnfTDNtQa8gd4vC3XT43v7qKQue9XATw=="
    }
  }
}
